
Microsoft Visual Studio Solution File, Format Version 12.00
# Visual Studio 14
VisualStudioVersion = 14.0.24720.0
MinimumVisualStudioVersion = 10.0.40219.1
Project("{FAE04EC0-301F-11D3-BF4B-00C04F79EFBC}") = "LanDeskServiceDeskAPIWrapper", "LanDeskServiceDeskAPIWrapper\LanDeskServiceDeskAPIWrapper.csproj", "{7B9B707E-19CB-44C9-8F87-DCE4C4CDA005}"
EndProject
Global
	GlobalSection(SolutionConfigurationPlatforms) = preSolution
		Debug|Any CPU = Debug|Any CPU
		Development|Any CPU = Development|Any CPU
		Production|Any CPU = Production|Any CPU
		Staging|Any CPU = Staging|Any CPU
	EndGlobalSection
	GlobalSection(ProjectConfigurationPlatforms) = postSolution
		{7B9B707E-19CB-44C9-8F87-DCE4C4CDA005}.Debug|Any CPU.ActiveCfg = Debug|Any CPU
		{7B9B707E-19CB-44C9-8F87-DCE4C4CDA005}.Debug|Any CPU.Build.0 = Debug|Any CPU
		{7B9B707E-19CB-44C9-8F87-DCE4C4CDA005}.Development|Any CPU.ActiveCfg = Development|Any CPU
		{7B9B707E-19CB-44C9-8F87-DCE4C4CDA005}.Development|Any CPU.Build.0 = Development|Any CPU
		{7B9B707E-19CB-44C9-8F87-DCE4C4CDA005}.Production|Any CPU.ActiveCfg = Production|Any CPU
		{7B9B707E-19CB-44C9-8F87-DCE4C4CDA005}.Production|Any CPU.Build.0 = Production|Any CPU
		{7B9B707E-19CB-44C9-8F87-DCE4C4CDA005}.Staging|Any CPU.ActiveCfg = Staging|Any CPU
		{7B9B707E-19CB-44C9-8F87-DCE4C4CDA005}.Staging|Any CPU.Build.0 = Staging|Any CPU
	EndGlobalSection
	GlobalSection(SolutionProperties) = preSolution
		HideSolutionNode = FALSE
	EndGlobalSection
EndGlobal
